
Microsoft Visual Studio Solution File, Format Version 12.00
# Visual Studio 2013
VisualStudioVersion = 12.0.21005.1
MinimumVisualStudioVersion = 10.0.40219.1
Project("{FAE04EC0-301F-11D3-BF4B-00C04F79EFBC}") = "XChat", "XChat.Web\XChat.csproj", "{8A840908-3752-4505-8212-F54569C47374}"
EndProject
Project("{FAE04EC0-301F-11D3-BF4B-00C04F79EFBC}") = "xChat.iOS", "xChat.iOS\xChat.iOS.csproj", "{AF92C74F-FFDC-4490-811F-9136049D2F31}"
EndProject
Global
	GlobalSection(SolutionConfigurationPlatforms) = preSolution
		Ad-Hoc|Any CPU = Ad-Hoc|Any CPU
		Ad-Hoc|iPhone = Ad-Hoc|iPhone
		Ad-Hoc|iPhoneSimulator = Ad-Hoc|iPhoneSimulator
		Ad-Hoc|Mixed Platforms = Ad-Hoc|Mixed Platforms
		AppStore|Any CPU = AppStore|Any CPU
		AppStore|iPhone = AppStore|iPhone
		AppStore|iPhoneSimulator = AppStore|iPhoneSimulator
		AppStore|Mixed Platforms = AppStore|Mixed Platforms
		Debug|Any CPU = Debug|Any CPU
		Debug|iPhone = Debug|iPhone
		Debug|iPhoneSimulator = Debug|iPhoneSimulator
		Debug|Mixed Platforms = Debug|Mixed Platforms
		Release|Any CPU = Release|Any CPU
		Release|iPhone = Release|iPhone
		Release|iPhoneSimulator = Release|iPhoneSimulator
		Release|Mixed Platforms = Release|Mixed Platforms
	EndGlobalSection
	GlobalSection(ProjectConfigurationPlatforms) = postSolution
		{8A840908-3752-4505-8212-F54569C47374}.Ad-Hoc|Any CPU.ActiveCfg = Release|Any CPU
		{8A840908-3752-4505-8212-F54569C47374}.Ad-Hoc|Any CPU.Build.0 = Release|Any CPU
		{8A840908-3752-4505-8212-F54569C47374}.Ad-Hoc|iPhone.ActiveCfg = Release|Any CPU
		{8A840908-3752-4505-8212-F54569C47374}.Ad-Hoc|iPhoneSimulator.ActiveCfg = Release|Any CPU
		{8A840908-3752-4505-8212-F54569C47374}.Ad-Hoc|Mixed Platforms.ActiveCfg = Release|Any CPU
		{8A840908-3752-4505-8212-F54569C47374}.Ad-Hoc|Mixed Platforms.Build.0 = Release|Any CPU
		{8A840908-3752-4505-8212-F54569C47374}.AppStore|Any CPU.ActiveCfg = Release|Any CPU
		{8A840908-3752-4505-8212-F54569C47374}.AppStore|Any CPU.Build.0 = Release|Any CPU
		{8A840908-3752-4505-8212-F54569C47374}.AppStore|iPhone.ActiveCfg = Release|Any CPU
		{8A840908-3752-4505-8212-F54569C47374}.AppStore|iPhoneSimulator.ActiveCfg = Release|Any CPU
		{8A840908-3752-4505-8212-F54569C47374}.AppStore|Mixed Platforms.ActiveCfg = Release|Any CPU
		{8A840908-3752-4505-8212-F54569C47374}.AppStore|Mixed Platforms.Build.0 = Release|Any CPU
		{8A840908-3752-4505-8212-F54569C47374}.Debug|Any CPU.ActiveCfg = Debug|Any CPU
		{8A840908-3752-4505-8212-F54569C47374}.Debug|Any CPU.Build.0 = Debug|Any CPU
		{8A840908-3752-4505-8212-F54569C47374}.Debug|iPhone.ActiveCfg = Debug|Any CPU
		{8A840908-3752-4505-8212-F54569C47374}.Debug|iPhoneSimulator.ActiveCfg = Debug|Any CPU
		{8A840908-3752-4505-8212-F54569C47374}.Debug|iPhoneSimulator.Build.0 = Debug|Any CPU
		{8A840908-3752-4505-8212-F54569C47374}.Debug|Mixed Platforms.ActiveCfg = Debug|Any CPU
		{8A840908-3752-4505-8212-F54569C47374}.Debug|Mixed Platforms.Build.0 = Debug|Any CPU
		{8A840908-3752-4505-8212-F54569C47374}.Release|Any CPU.ActiveCfg = Release|Any CPU
		{8A840908-3752-4505-8212-F54569C47374}.Release|Any CPU.Build.0 = Release|Any CPU
		{8A840908-3752-4505-8212-F54569C47374}.Release|iPhone.ActiveCfg = Release|Any CPU
		{8A840908-3752-4505-8212-F54569C47374}.Release|iPhoneSimulator.ActiveCfg = Release|Any CPU
		{8A840908-3752-4505-8212-F54569C47374}.Release|Mixed Platforms.ActiveCfg = Release|Any CPU
		{8A840908-3752-4505-8212-F54569C47374}.Release|Mixed Platforms.Build.0 = Release|Any CPU
		{AF92C74F-FFDC-4490-811F-9136049D2F31}.Ad-Hoc|Any CPU.ActiveCfg = Ad-Hoc|iPhone
		{AF92C74F-FFDC-4490-811F-9136049D2F31}.Ad-Hoc|iPhone.ActiveCfg = Ad-Hoc|iPhone
		{AF92C74F-FFDC-4490-811F-9136049D2F31}.Ad-Hoc|iPhone.Build.0 = Ad-Hoc|iPhone
		{AF92C74F-FFDC-4490-811F-9136049D2F31}.Ad-Hoc|iPhoneSimulator.ActiveCfg = Ad-Hoc|iPhoneSimulator
		{AF92C74F-FFDC-4490-811F-9136049D2F31}.Ad-Hoc|iPhoneSimulator.Build.0 = Ad-Hoc|iPhoneSimulator
		{AF92C74F-FFDC-4490-811F-9136049D2F31}.Ad-Hoc|Mixed Platforms.ActiveCfg = Ad-Hoc|iPhone
		{AF92C74F-FFDC-4490-811F-9136049D2F31}.Ad-Hoc|Mixed Platforms.Build.0 = Ad-Hoc|iPhone
		{AF92C74F-FFDC-4490-811F-9136049D2F31}.AppStore|Any CPU.ActiveCfg = AppStore|iPhone
		{AF92C74F-FFDC-4490-811F-9136049D2F31}.AppStore|iPhone.ActiveCfg = AppStore|iPhone
		{AF92C74F-FFDC-4490-811F-9136049D2F31}.AppStore|iPhone.Build.0 = AppStore|iPhone
		{AF92C74F-FFDC-4490-811F-9136049D2F31}.AppStore|iPhoneSimulator.ActiveCfg = AppStore|iPhoneSimulator
		{AF92C74F-FFDC-4490-811F-9136049D2F31}.AppStore|iPhoneSimulator.Build.0 = AppStore|iPhoneSimulator
		{AF92C74F-FFDC-4490-811F-9136049D2F31}.AppStore|Mixed Platforms.ActiveCfg = AppStore|iPhone
		{AF92C74F-FFDC-4490-811F-9136049D2F31}.AppStore|Mixed Platforms.Build.0 = AppStore|iPhone
		{AF92C74F-FFDC-4490-811F-9136049D2F31}.Debug|Any CPU.ActiveCfg = Debug|iPhone
		{AF92C74F-FFDC-4490-811F-9136049D2F31}.Debug|iPhone.ActiveCfg = Debug|iPhone
		{AF92C74F-FFDC-4490-811F-9136049D2F31}.Debug|iPhone.Build.0 = Debug|iPhone
		{AF92C74F-FFDC-4490-811F-9136049D2F31}.Debug|iPhoneSimulator.ActiveCfg = Debug|iPhoneSimulator
		{AF92C74F-FFDC-4490-811F-9136049D2F31}.Debug|iPhoneSimulator.Build.0 = Debug|iPhoneSimulator
		{AF92C74F-FFDC-4490-811F-9136049D2F31}.Debug|Mixed Platforms.ActiveCfg = Debug|iPhone
		{AF92C74F-FFDC-4490-811F-9136049D2F31}.Debug|Mixed Platforms.Build.0 = Debug|iPhone
		{AF92C74F-FFDC-4490-811F-9136049D2F31}.Release|Any CPU.ActiveCfg = Release|iPhone
		{AF92C74F-FFDC-4490-811F-9136049D2F31}.Release|iPhone.ActiveCfg = Release|iPhone
		{AF92C74F-FFDC-4490-811F-9136049D2F31}.Release|iPhone.Build.0 = Release|iPhone
		{AF92C74F-FFDC-4490-811F-9136049D2F31}.Release|iPhoneSimulator.ActiveCfg = Release|iPhoneSimulator
		{AF92C74F-FFDC-4490-811F-9136049D2F31}.Release|iPhoneSimulator.Build.0 = Release|iPhoneSimulator
		{AF92C74F-FFDC-4490-811F-9136049D2F31}.Release|Mixed Platforms.ActiveCfg = Release|iPhone
		{AF92C74F-FFDC-4490-811F-9136049D2F31}.Release|Mixed Platforms.Build.0 = Release|iPhone
	EndGlobalSection
	GlobalSection(SolutionProperties) = preSolution
		HideSolutionNode = FALSE
	EndGlobalSection
EndGlobal
